{
  "version": 4,
  "terraform_version": "1.9.4",
  "serial": 1,
  "lineage": "7932dd46-f85a-cab6-d1b4-7a3f230501bf",
  "outputs": {},
  "resources": [
    {
      "mode": "managed",
      "type": "google_cloud_run_service",
      "name": "default",
      "provider": "provider[\"registry.terraform.io/hashicorp/google\"]",
      "instances": [
        {
          "status": "tainted",
          "schema_version": 1,
          "attributes": {
            "autogenerate_revision_name": false,
            "id": "locations/us-central1/namespaces/queuwuicom/services/quewuicom",
            "location": "us-central1",
            "metadata": null,
            "name": "quewuicom",
            "project": null,
            "status": null,
            "template": [
              {
                "metadata": [],
                "spec": [
                  {
                    "container_concurrency": 0,
                    "containers": [
                      {
                        "args": null,
                        "command": null,
                        "env": [
                          {
                            "name": "SERVER_HOST",
                            "value": "0.0.0.0"
                          },
                          {
                            "name": "SERVER_PORT",
                            "value": "8080"
                          }
                        ],
                        "env_from": [],
                        "image": "quewui/quewuicom:latest",
                        "ports": [
                          {
                            "container_port": 8080,
                            "name": "",
                            "protocol": ""
                          }
                        ],
                        "resources": [],
                        "working_dir": ""
                      }
                    ],
                    "service_account_name": "",
                    "serving_state": "",
                    "timeout_seconds": 0
                  }
                ]
              }
            ],
            "timeouts": null,
            "traffic": [
              {
                "latest_revision": true,
                "percent": 100,
                "revision_name": ""
              }
            ]
          },
          "sensitive_attributes": [],
          "private": "eyJlMmJmYjczMC1lY2FhLTExZTYtOGY4OC0zNDM2M2JjN2M0YzAiOnsiY3JlYXRlIjozNjAwMDAwMDAwMDAsImRlbGV0ZSI6MjQwMDAwMDAwMDAwLCJ1cGRhdGUiOjkwMDAwMDAwMDAwMH0sInNjaGVtYV92ZXJzaW9uIjoiMSJ9"
        }
      ]
    }
  ],
  "check_results": null
}
